{
  "name": "git-message-action",
  "version": "1.0.0",
  "lockfileVersion": 1,
  "requires": true,
  "dependencies": {
    "@actions/core": {
      "version": "1.2.6",
      "resolved": "https://registry.npmjs.org/@actions/core/-/core-1.2.6.tgz",
      "integrity": "sha512-ZQYitnqiyBc3D+k7LsgSBmMDVkOVidaagDG7j3fOym77jNunWRuYx7VSHa9GNfFZh+zh61xsCjRj4JxMZlDqTA=="
    },
    "shescape": {
      "version": "1.2.1",
      "resolved": "https://registry.npmjs.org/shescape/-/shescape-1.2.1.tgz",
      "integrity": "sha512-CFhs8+Pg50rDJkXxpcMtI5Wd32ghNhgmgZIoTMMsM8LxIQzLZ4BFqI59+TCVxNNr2vZ/I10WPylAYWuKZ/9brA=="
    }
  }
}
